// !$*UTF8*$!
{
	archiveVersion = 1;
	classes = {
	};
	objectVersion = 46;
	objects = {

/* Begin PBXBuildFile section */
		138722941942C6EE00C06CCB /* Foundation.framework in Frameworks */ = {isa = PBXBuildFile; fileRef = 138722931942C6EE00C06CCB /* Foundation.framework */; };
		138722961942C6EE00C06CCB /* CoreGraphics.framework in Frameworks */ = {isa = PBXBuildFile; fileRef = 138722951942C6EE00C06CCB /* CoreGraphics.framework */; };
		138722981942C6EE00C06CCB /* UIKit.framework in Frameworks */ = {isa = PBXBuildFile; fileRef = 138722971942C6EE00C06CCB /* UIKit.framework */; };
		1387229E1942C6EE00C06CCB /* InfoPlist.strings in Resources */ = {isa = PBXBuildFile; fileRef = 1387229C1942C6EE00C06CCB /* InfoPlist.strings */; };
		138722A01942C6EE00C06CCB /* main.m in Sources */ = {isa = PBXBuildFile; fileRef = 1387229F1942C6EE00C06CCB /* main.m */; };
		138722A41942C6EE00C06CCB /* AppDelegate.m in Sources */ = {isa = PBXBuildFile; fileRef = 138722A31942C6EE00C06CCB /* AppDelegate.m */; };
		138722A61942C6EE00C06CCB /* Images.xcassets in Resources */ = {isa = PBXBuildFile; fileRef = 138722A51942C6EE00C06CCB /* Images.xcassets */; };
		138722AD1942C6EE00C06CCB /* XCTest.framework in Frameworks */ = {isa = PBXBuildFile; fileRef = 138722AC1942C6EE00C06CCB /* XCTest.framework */; };
		138722AE1942C6EE00C06CCB /* Foundation.framework in Frameworks */ = {isa = PBXBuildFile; fileRef = 138722931942C6EE00C06CCB /* Foundation.framework */; };
		138722AF1942C6EE00C06CCB /* UIKit.framework in Frameworks */ = {isa = PBXBuildFile; fileRef = 138722971942C6EE00C06CCB /* UIKit.framework */; };
		138722B71942C6EE00C06CCB /* InfoPlist.strings in Resources */ = {isa = PBXBuildFile; fileRef = 138722B51942C6EE00C06CCB /* InfoPlist.strings */; };
		138722B91942C6EE00C06CCB /* rottentomatoesTests.m in Sources */ = {isa = PBXBuildFile; fileRef = 138722B81942C6EE00C06CCB /* rottentomatoesTests.m */; };
/* End PBXBuildFile section */

/* Begin PBXContainerItemProxy section */
		138722B01942C6EE00C06CCB /* PBXContainerItemProxy */ = {
			isa = PBXContainerItemProxy;
			containerPortal = 138722881942C6EE00C06CCB /* Project object */;
			proxyType = 1;
			remoteGlobalIDString = 1387228F1942C6EE00C06CCB;
			remoteInfo = rottentomatoes;
		};
/* End PBXContainerItemProxy section */

/* Begin PBXFileReference section */
		138722901942C6EE00C06CCB /* rottentomatoes.app */ = {isa = PBXFileReference; explicitFileType = wrapper.application; includeInIndex = 0; path = rottentomatoes.app; sourceTree = BUILT_PRODUCTS_DIR; };
		138722931942C6EE00C06CCB /* Foundation.framework */ = {isa = PBXFileReference; lastKnownFileType = wrapper.framework; name = Foundation.framework; path = System/Library/Frameworks/Foundation.framework; sourceTree = SDKROOT; };
		138722951942C6EE00C06CCB /* CoreGraphics.framework */ = {isa = PBXFileReference; lastKnownFileType = wrapper.framework; name = CoreGraphics.framework; path = System/Library/Frameworks/CoreGraphics.framework; sourceTree = SDKROOT; };
		138722971942C6EE00C06CCB /* UIKit.framework */ = {isa = PBXFileReference; lastKnownFileType = wrapper.framework; name = UIKit.framework; path = System/Library/Frameworks/UIKit.framework; sourceTree = SDKROOT; };
		1387229B1942C6EE00C06CCB /* rottentomatoes-Info.plist */ = {isa = PBXFileReference; lastKnownFileType = text.plist.xml; path = "rottentomatoes-Info.plist"; sourceTree = "<group>"; };
		1387229D1942C6EE00C06CCB /* en */ = {isa = PBXFileReference; lastKnownFileType = text.plist.strings; name = en; path = en.lproj/InfoPlist.strings; sourceTree = "<group>"; };
		1387229F1942C6EE00C06CCB /* main.m */ = {isa = PBXFileReference; lastKnownFileType = sourcecode.c.objc; path = main.m; sourceTree = "<group>"; };
		138722A11942C6EE00C06CCB /* rottentomatoes-Prefix.pch */ = {isa = PBXFileReference; lastKnownFileType = sourcecode.c.h; path = "rottentomatoes-Prefix.pch"; sourceTree = "<group>"; };
		138722A21942C6EE00C06CCB /* AppDelegate.h */ = {isa = PBXFileReference; lastKnownFileType = sourcecode.c.h; path = AppDelegate.h; sourceTree = "<group>"; };
		138722A31942C6EE00C06CCB /* AppDelegate.m */ = {isa = PBXFileReference; lastKnownFileType = sourcecode.c.objc; path = AppDelegate.m; sourceTree = "<group>"; };
		138722A51942C6EE00C06CCB /* Images.xcassets */ = {isa = PBXFileReference; lastKnownFileType = folder.assetcatalog; path = Images.xcassets; sourceTree = "<group>"; };
		138722AB1942C6EE00C06CCB /* rottentomatoesTests.xctest */ = {isa = PBXFileReference; explicitFileType = wrapper.cfbundle; includeInIndex = 0; path = rottentomatoesTests.xctest; sourceTree = BUILT_PRODUCTS_DIR; };
		138722AC1942C6EE00C06CCB /* XCTest.framework */ = {isa = PBXFileReference; lastKnownFileType = wrapper.framework; name = XCTest.framework; path = Library/Frameworks/XCTest.framework; sourceTree = DEVELOPER_DIR; };
		138722B41942C6EE00C06CCB /* rottentomatoesTests-Info.plist */ = {isa = PBXFileReference; lastKnownFileType = text.plist.xml; path = "rottentomatoesTests-Info.plist"; sourceTree = "<group>"; };
		138722B61942C6EE00C06CCB /* en */ = {isa = PBXFileReference; lastKnownFileType = text.plist.strings; name = en; path = en.lproj/InfoPlist.strings; sourceTree = "<group>"; };
		138722B81942C6EE00C06CCB /* rottentomatoesTests.m */ = {isa = PBXFileReference; lastKnownFileType = sourcecode.c.objc; path = rottentomatoesTests.m; sourceTree = "<group>"; };
/* End PBXFileReference section */

/* Begin PBXFrameworksBuildPhase section */
		1387228D1942C6EE00C06CCB /* Frameworks */ = {
			isa = PBXFrameworksBuildPhase;
			buildActionMask = 2147483647;
			files = (
				138722961942C6EE00C06CCB /* CoreGraphics.framework in Frameworks */,
				138722981942C6EE00C06CCB /* UIKit.framework in Frameworks */,
				138722941942C6EE00C06CCB /* Foundation.framework in Frameworks */,
			);
			runOnlyForDeploymentPostprocessing = 0;
		};
		138722A81942C6EE00C06CCB /* Frameworks */ = {
			isa = PBXFrameworksBuildPhase;
			buildActionMask = 2147483647;
			files = (
				138722AD1942C6EE00C06CCB /* XCTest.framework in Frameworks */,
				138722AF1942C6EE00C06CCB /* UIKit.framework in Frameworks */,
				138722AE1942C6EE00C06CCB /* Foundation.framework in Frameworks */,
			);
			runOnlyForDeploymentPostprocessing = 0;
		};
/* End PBXFrameworksBuildPhase section */

/* Begin PBXGroup section */
		138722871942C6EE00C06CCB = {
			isa = PBXGroup;
			children = (
				138722991942C6EE00C06CCB /* rottentomatoes */,
				138722B21942C6EE00C06CCB /* rottentomatoesTests */,
				138722921942C6EE00C06CCB /* Frameworks */,
				138722911942C6EE00C06CCB /* Products */,
			);
			sourceTree = "<group>";
		};
		138722911942C6EE00C06CCB /* Products */ = {
			isa = PBXGroup;
			children = (
				138722901942C6EE00C06CCB /* rottentomatoes.app */,
				138722AB1942C6EE00C06CCB /* rottentomatoesTests.xctest */,
			);
			name = Products;
			sourceTree = "<group>";
		};
		138722921942C6EE00C06CCB /* Frameworks */ = {
			isa = PBXGroup;
			children = (
				138722931942C6EE00C06CCB /* Foundation.framework */,
				138722951942C6EE00C06CCB /* CoreGraphics.framework */,
				138722971942C6EE00C06CCB /* UIKit.framework */,
				138722AC1942C6EE00C06CCB /* XCTest.framework */,
			);
			name = Frameworks;
			sourceTree = "<group>";
		};
		138722991942C6EE00C06CCB /* rottentomatoes */ = {
			isa = PBXGroup;
			children = (
				138722A21942C6EE00C06CCB /* AppDelegate.h */,
				138722A31942C6EE00C06CCB /* AppDelegate.m */,
				138722A51942C6EE00C06CCB /* Images.xcassets */,
				1387229A1942C6EE00C06CCB /* Supporting Files */,
			);
			path = rottentomatoes;
			sourceTree = "<group>";
		};
		1387229A1942C6EE00C06CCB /* Supporting Files */ = {
			isa = PBXGroup;
			children = (
				1387229B1942C6EE00C06CCB /* rottentomatoes-Info.plist */,
				1387229C1942C6EE00C06CCB /* InfoPlist.strings */,
				1387229F1942C6EE00C06CCB /* main.m */,
				138722A11942C6EE00C06CCB /* rottentomatoes-Prefix.pch */,
			);
			name = "Supporting Files";
			sourceTree = "<group>";
		};
		138722B21942C6EE00C06CCB /* rottentomatoesTests */ = {
			isa = PBXGroup;
			children = (
				138722B81942C6EE00C06CCB /* rottentomatoesTests.m */,
				138722B31942C6EE00C06CCB /* Supporting Files */,
			);
			path = rottentomatoesTests;
			sourceTree = "<group>";
		};
		138722B31942C6EE00C06CCB /* Supporting Files */ = {
			isa = PBXGroup;
			children = (
				138722B41942C6EE00C06CCB /* rottentomatoesTests-Info.plist */,
				138722B51942C6EE00C06CCB /* InfoPlist.strings */,
			);
			name = "Supporting Files";
			sourceTree = "<group>";
		};
/* End PBXGroup section */

/* Begin PBXNativeTarget section */
		1387228F1942C6EE00C06CCB /* rottentomatoes */ = {
			isa = PBXNativeTarget;
			buildConfigurationList = 138722BC1942C6EE00C06CCB /* Build configuration list for PBXNativeTarget "rottentomatoes" */;
			buildPhases = (
				1387228C1942C6EE00C06CCB /* Sources */,
				1387228D1942C6EE00C06CCB /* Frameworks */,
				1387228E1942C6EE00C06CCB /* Resources */,
			);
			buildRules = (
			);
			dependencies = (
			);
			name = rottentomatoes;
			productName = rottentomatoes;
			productReference = 138722901942C6EE00C06CCB /* rottentomatoes.app */;
			productType = "com.apple.product-type.application";
		};
		138722AA1942C6EE00C06CCB /* rottentomatoesTests */ = {
			isa = PBXNativeTarget;
			buildConfigurationList = 138722BF1942C6EE00C06CCB /* Build configuration list for PBXNativeTarget "rottentomatoesTests" */;
			buildPhases = (
				138722A71942C6EE00C06CCB /* Sources */,
				138722A81942C6EE00C06CCB /* Frameworks */,
				138722A91942C6EE00C06CCB /* Resources */,
			);
			buildRules = (
			);
			dependencies = (
				138722B11942C6EE00C06CCB /* PBXTargetDependency */,
			);
			name = rottentomatoesTests;
			productName = rottentomatoesTests;
			productReference = 138722AB1942C6EE00C06CCB /* rottentomatoesTests.xctest */;
			productType = "com.apple.product-type.bundle.unit-test";
		};
/* End PBXNativeTarget section */

/* Begin PBXProject section */
		138722881942C6EE00C06CCB /* Project object */ = {
			isa = PBXProject;
			attributes = {
				LastUpgradeCheck = 0510;
				ORGANIZATIONNAME = jeev;
				TargetAttributes = {
					138722AA1942C6EE00C06CCB = {
						TestTargetID = 1387228F1942C6EE00C06CCB;
					};
				};
			};
			buildConfigurationList = 1387228B1942C6EE00C06CCB /* Build configuration list for PBXProject "rottentomatoes" */;
			compatibilityVersion = "Xcode 3.2";
			developmentRegion = English;
			hasScannedForEncodings = 0;
			knownRegions = (
				en,
			);
			mainGroup = 138722871942C6EE00C06CCB;
			productRefGroup = 138722911942C6EE00C06CCB /* Products */;
			projectDirPath = "";
			projectRoot = "";
			targets = (
				1387228F1942C6EE00C06CCB /* rottentomatoes */,
				138722AA1942C6EE00C06CCB /* rottentomatoesTests */,
			);
		};
/* End PBXProject section */

/* Begin PBXResourcesBuildPhase section */
		1387228E1942C6EE00C06CCB /* Resources */ = {
			isa = PBXResourcesBuildPhase;
			buildActionMask = 2147483647;
			files = (
				1387229E1942C6EE00C06CCB /* InfoPlist.strings in Resources */,
				138722A61942C6EE00C06CCB /* Images.xcassets in Resources */,
			);
			runOnlyForDeploymentPostprocessing = 0;
		};
		138722A91942C6EE00C06CCB /* Resources */ = {
			isa = PBXResourcesBuildPhase;
			buildActionMask = 2147483647;
			files = (
				138722B71942C6EE00C06CCB /* InfoPlist.strings in Resources */,
			);
			runOnlyForDeploymentPostprocessing = 0;
		};
/* End PBXResourcesBuildPhase section */

/* Begin PBXSourcesBuildPhase section */
		1387228C1942C6EE00C06CCB /* Sources */ = {
			isa = PBXSourcesBuildPhase;
			buildActionMask = 2147483647;
			files = (
				138722A41942C6EE00C06CCB /* AppDelegate.m in Sources */,
				138722A01942C6EE00C06CCB /* main.m in Sources */,
			);
			runOnlyForDeploymentPostprocessing = 0;
		};
		138722A71942C6EE00C06CCB /* Sources */ = {
			isa = PBXSourcesBuildPhase;
			buildActionMask = 2147483647;
			files = (
				138722B91942C6EE00C06CCB /* rottentomatoesTests.m in Sources */,
			);
			runOnlyForDeploymentPostprocessing = 0;
		};
/* End PBXSourcesBuildPhase section */

/* Begin PBXTargetDependency section */
		138722B11942C6EE00C06CCB /* PBXTargetDependency */ = {
			isa = PBXTargetDependency;
			target = 1387228F1942C6EE00C06CCB /* rottentomatoes */;
			targetProxy = 138722B01942C6EE00C06CCB /* PBXContainerItemProxy */;
		};
/* End PBXTargetDependency section */

/* Begin PBXVariantGroup section */
		1387229C1942C6EE00C06CCB /* InfoPlist.strings */ = {
			isa = PBXVariantGroup;
			children = (
				1387229D1942C6EE00C06CCB /* en */,
			);
			name = InfoPlist.strings;
			sourceTree = "<group>";
		};
		138722B51942C6EE00C06CCB /* InfoPlist.strings */ = {
			isa = PBXVariantGroup;
			children = (
				138722B61942C6EE00C06CCB /* en */,
			);
			name = InfoPlist.strings;
			sourceTree = "<group>";
		};
/* End PBXVariantGroup section */

/* Begin XCBuildConfiguration section */
		138722BA1942C6EE00C06CCB /* Debug */ = {
			isa = XCBuildConfiguration;
			buildSettings = {
				ALWAYS_SEARCH_USER_PATHS = NO;
				CLANG_CXX_LANGUAGE_STANDARD = "gnu++0x";
				CLANG_CXX_LIBRARY = "libc++";
				CLANG_ENABLE_MODULES = YES;
				CLANG_ENABLE_OBJC_ARC = YES;
				CLANG_WARN_BOOL_CONVERSION = YES;
				CLANG_WARN_CONSTANT_CONVERSION = YES;
				CLANG_WARN_DIRECT_OBJC_ISA_USAGE = YES_ERROR;
				CLANG_WARN_EMPTY_BODY = YES;
				CLANG_WARN_ENUM_CONVERSION = YES;
				CLANG_WARN_INT_CONVERSION = YES;
				CLANG_WARN_OBJC_ROOT_CLASS = YES_ERROR;
				CLANG_WARN__DUPLICATE_METHOD_MATCH = YES;
				"CODE_SIGN_IDENTITY[sdk=iphoneos*]" = "iPhone Developer";
				COPY_PHASE_STRIP = NO;
				GCC_C_LANGUAGE_STANDARD = gnu99;
				GCC_DYNAMIC_NO_PIC = NO;
				GCC_OPTIMIZATION_LEVEL = 0;
				GCC_PREPROCESSOR_DEFINITIONS = (
					"DEBUG=1",
					"$(inherited)",
				);
				GCC_SYMBOLS_PRIVATE_EXTERN = NO;
				GCC_WARN_64_TO_32_BIT_CONVERSION = YES;
				GCC_WARN_ABOUT_RETURN_TYPE = YES_ERROR;
				GCC_WARN_UNDECLARED_SELECTOR = YES;
				GCC_WARN_UNINITIALIZED_AUTOS = YES_AGGRESSIVE;
				GCC_WARN_UNUSED_FUNCTION = YES;
				GCC_WARN_UNUSED_VARIABLE = YES;
				IPHONEOS_DEPLOYMENT_TARGET = 7.1;
				ONLY_ACTIVE_ARCH = YES;
				SDKROOT = iphoneos;
			};
			name = Debug;
		};
		138722BB1942C6EE00C06CCB /* Release */ = {
			isa = XCBuildConfiguration;
			buildSettings = {
				ALWAYS_SEARCH_USER_PATHS = NO;
				CLANG_CXX_LANGUAGE_STANDARD = "gnu++0x";
				CLANG_CXX_LIBRARY = "libc++";
				CLANG_ENABLE_MODULES = YES;
				CLANG_ENABLE_OBJC_ARC = YES;
				CLANG_WARN_BOOL_CONVERSION = YES;
				CLANG_WARN_CONSTANT_CONVERSION = YES;
				CLANG_WARN_DIRECT_OBJC_ISA_USAGE = YES_ERROR;
				CLANG_WARN_EMPTY_BODY = YES;
				CLANG_WARN_ENUM_CONVERSION = YES;
				CLANG_WARN_INT_CONVERSION = YES;
				CLANG_WARN_OBJC_ROOT_CLASS = YES_ERROR;
				CLANG_WARN__DUPLICATE_METHOD_MATCH = YES;
				"CODE_SIGN_IDENTITY[sdk=iphoneos*]" = "iPhone Developer";
				COPY_PHASE_STRIP = YES;
				ENABLE_NS_ASSERTIONS = NO;
				GCC_C_LANGUAGE_STANDARD = gnu99;
				GCC_WARN_64_TO_32_BIT_CONVERSION = YES;
				GCC_WARN_ABOUT_RETURN_TYPE = YES_ERROR;
				GCC_WARN_UNDECLARED_SELECTOR = YES;
				GCC_WARN_UNINITIALIZED_AUTOS = YES_AGGRESSIVE;
				GCC_WARN_UNUSED_FUNCTION = YES;
				GCC_WARN_UNUSED_VARIABLE = YES;
				IPHONEOS_DEPLOYMENT_TARGET = 7.1;
				SDKROOT = iphoneos;
				VALIDATE_PRODUCT = YES;
			};
			name = Release;
		};
		138722BD1942C6EE00C06CCB /* Debug */ = {
			isa = XCBuildConfiguration;
			buildSettings = {
				ASSETCATALOG_COMPILER_APPICON_NAME = AppIcon;
				ASSETCATALOG_COMPILER_LAUNCHIMAGE_NAME = LaunchImage;
				GCC_PRECOMPILE_PREFIX_HEADER = YES;
				GCC_PREFIX_HEADER = "rottentomatoes/rottentomatoes-Prefix.pch";
				INFOPLIST_FILE = "rottentomatoes/rottentomatoes-Info.plist";
				PRODUCT_NAME = "$(TARGET_NAME)";
				WRAPPER_EXTENSION = app;
			};
			name = Debug;
		};
		138722BE1942C6EE00C06CCB /* Release */ = {
			isa = XCBuildConfiguration;
			buildSettings = {
				ASSETCATALOG_COMPILER_APPICON_NAME = AppIcon;
				ASSETCATALOG_COMPILER_LAUNCHIMAGE_NAME = LaunchImage;
				GCC_PRECOMPILE_PREFIX_HEADER = YES;
				GCC_PREFIX_HEADER = "rottentomatoes/rottentomatoes-Prefix.pch";
				INFOPLIST_FILE = "rottentomatoes/rottentomatoes-Info.plist";
				PRODUCT_NAME = "$(TARGET_NAME)";
				WRAPPER_EXTENSION = app;
			};
			name = Release;
		};
		138722C01942C6EE00C06CCB /* Debug */ = {
			isa = XCBuildConfiguration;
			buildSettings = {
				BUNDLE_LOADER = "$(BUILT_PRODUCTS_DIR)/rottentomatoes.app/rottentomatoes";
				FRAMEWORK_SEARCH_PATHS = (
					"$(SDKROOT)/Developer/Library/Frameworks",
					"$(inherited)",
					"$(DEVELOPER_FRAMEWORKS_DIR)",
				);
				GCC_PRECOMPILE_PREFIX_HEADER = YES;
				GCC_PREFIX_HEADER = "rottentomatoes/rottentomatoes-Prefix.pch";
				GCC_PREPROCESSOR_DEFINITIONS = (
					"DEBUG=1",
					"$(inherited)",
				);
				INFOPLIST_FILE = "rottentomatoesTests/rottentomatoesTests-Info.plist";
				PRODUCT_NAME = "$(TARGET_NAME)";
				TEST_HOST = "$(BUNDLE_LOADER)";
				WRAPPER_EXTENSION = xctest;
			};
			name = Debug;
		};
		138722C11942C6EE00C06CCB /* Release */ = {
			isa = XCBuildConfiguration;
			buildSettings = {
				BUNDLE_LOADER = "$(BUILT_PRODUCTS_DIR)/rottentomatoes.app/rottentomatoes";
				FRAMEWORK_SEARCH_PATHS = (
					"$(SDKROOT)/Developer/Library/Frameworks",
					"$(inherited)",
					"$(DEVELOPER_FRAMEWORKS_DIR)",
				);
				GCC_PRECOMPILE_PREFIX_HEADER = YES;
				GCC_PREFIX_HEADER = "rottentomatoes/rottentomatoes-Prefix.pch";
				INFOPLIST_FILE = "rottentomatoesTests/rottentomatoesTests-Info.plist";
				PRODUCT_NAME = "$(TARGET_NAME)";
				TEST_HOST = "$(BUNDLE_LOADER)";
				WRAPPER_EXTENSION = xctest;
			};
			name = Release;
		};
/* End XCBuildConfiguration section */

/* Begin XCConfigurationList section */
		1387228B1942C6EE00C06CCB /* Build configuration list for PBXProject "rottentomatoes" */ = {
			isa = XCConfigurationList;
			buildConfigurations = (
				138722BA1942C6EE00C06CCB /* Debug */,
				138722BB1942C6EE00C06CCB /* Release */,
			);
			defaultConfigurationIsVisible = 0;
			defaultConfigurationName = Release;
		};
		138722BC1942C6EE00C06CCB /* Build configuration list for PBXNativeTarget "rottentomatoes" */ = {
			isa = XCConfigurationList;
			buildConfigurations = (
				138722BD1942C6EE00C06CCB /* Debug */,
				138722BE1942C6EE00C06CCB /* Release */,
			);
			defaultConfigurationIsVisible = 0;
		};
		138722BF1942C6EE00C06CCB /* Build configuration list for PBXNativeTarget "rottentomatoesTests" */ = {
			isa = XCConfigurationList;
			buildConfigurations = (
				138722C01942C6EE00C06CCB /* Debug */,
				138722C11942C6EE00C06CCB /* Release */,
			);
			defaultConfigurationIsVisible = 0;
		};
/* End XCConfigurationList section */
	};
	rootObject = 138722881942C6EE00C06CCB /* Project object */;
}
